
Microsoft Visual Studio Solution File, Format Version 12.00
# Visual Studio Version 17
VisualStudioVersion = 17.10.34928.147
MinimumVisualStudioVersion = 10.0.40219.1
Project("{FAE04EC0-301F-11D3-BF4B-00C04F79EFBC}") = "API", "API\API.csproj", "{AD62B194-104A-43F1-970D-ACBCE6F11E26}"
EndProject
Global
	GlobalSection(SolutionConfigurationPlatforms) = preSolution
		Debug|Any CPU = Debug|Any CPU
		Release|Any CPU = Release|Any CPU
	EndGlobalSection
	GlobalSection(ProjectConfigurationPlatforms) = postSolution
		{AD62B194-104A-43F1-970D-ACBCE6F11E26}.Debug|Any CPU.ActiveCfg = Debug|Any CPU
		{AD62B194-104A-43F1-970D-ACBCE6F11E26}.Debug|Any CPU.Build.0 = Debug|Any CPU
		{AD62B194-104A-43F1-970D-ACBCE6F11E26}.Release|Any CPU.ActiveCfg = Release|Any CPU
		{AD62B194-104A-43F1-970D-ACBCE6F11E26}.Release|Any CPU.Build.0 = Release|Any CPU
	EndGlobalSection
	GlobalSection(SolutionProperties) = preSolution
		HideSolutionNode = FALSE
	EndGlobalSection
	GlobalSection(ExtensibilityGlobals) = postSolution
		SolutionGuid = {877B60B8-1E7B-4668-B9C7-91140D7E6416}
	EndGlobalSection
EndGlobal
